// !$*UTF8*$!
{
	archiveVersion = 1;
	classes = {
	};
	objectVersion = 56;
	objects = {

/* Begin PBXBuildFile section */
		B149B8F62C1FB17700B838FF /* UserDataModel.swift in Sources */ = {isa = PBXBuildFile; fileRef = B149B8F52C1FB17700B838FF /* UserDataModel.swift */; };
		B149B8F82C1FB22800B838FF /* ListUserDataView.swift in Sources */ = {isa = PBXBuildFile; fileRef = B149B8F72C1FB22800B838FF /* ListUserDataView.swift */; };
		B149B8FA2C1FF30F00B838FF /* DialView.swift in Sources */ = {isa = PBXBuildFile; fileRef = B149B8F92C1FF30F00B838FF /* DialView.swift */; };
		B149B8FC2C1FF44F00B838FF /* NeumorphicStyle.swift in Sources */ = {isa = PBXBuildFile; fileRef = B149B8FB2C1FF44F00B838FF /* NeumorphicStyle.swift */; };
		B149B9002C24EBF400B838FF /* AlarmDataModel.swift in Sources */ = {isa = PBXBuildFile; fileRef = B149B8FF2C24EBF400B838FF /* AlarmDataModel.swift */; };
		B149B9022C24ECAB00B838FF /* TemperatureView.swift in Sources */ = {isa = PBXBuildFile; fileRef = B149B9012C24ECAA00B838FF /* TemperatureView.swift */; };
		B1D62AE12C1EAF3800CD3818 /* ideal_gogglesApp.swift in Sources */ = {isa = PBXBuildFile; fileRef = B1D62AE02C1EAF3800CD3818 /* ideal_gogglesApp.swift */; };
		B1D62AE32C1EAF3800CD3818 /* ContentView.swift in Sources */ = {isa = PBXBuildFile; fileRef = B1D62AE22C1EAF3800CD3818 /* ContentView.swift */; };
		B1D62AE52C1EAF3900CD3818 /* Assets.xcassets in Resources */ = {isa = PBXBuildFile; fileRef = B1D62AE42C1EAF3900CD3818 /* Assets.xcassets */; };
		B1D62AE82C1EAF3900CD3818 /* Preview Assets.xcassets in Resources */ = {isa = PBXBuildFile; fileRef = B1D62AE72C1EAF3900CD3818 /* Preview Assets.xcassets */; };
/* End PBXBuildFile section */

/* Begin PBXFileReference section */
		B149B8F52C1FB17700B838FF /* UserDataModel.swift */ = {isa = PBXFileReference; lastKnownFileType = sourcecode.swift; path = UserDataModel.swift; sourceTree = "<group>"; };
		B149B8F72C1FB22800B838FF /* ListUserDataView.swift */ = {isa = PBXFileReference; lastKnownFileType = sourcecode.swift; path = ListUserDataView.swift; sourceTree = "<group>"; };
		B149B8F92C1FF30F00B838FF /* DialView.swift */ = {isa = PBXFileReference; lastKnownFileType = sourcecode.swift; path = DialView.swift; sourceTree = "<group>"; };
		B149B8FB2C1FF44F00B838FF /* NeumorphicStyle.swift */ = {isa = PBXFileReference; lastKnownFileType = sourcecode.swift; path = NeumorphicStyle.swift; sourceTree = "<group>"; };
		B149B8FF2C24EBF400B838FF /* AlarmDataModel.swift */ = {isa = PBXFileReference; lastKnownFileType = sourcecode.swift; path = AlarmDataModel.swift; sourceTree = "<group>"; };
		B149B9012C24ECAA00B838FF /* TemperatureView.swift */ = {isa = PBXFileReference; lastKnownFileType = sourcecode.swift; path = TemperatureView.swift; sourceTree = "<group>"; };
		B1D62ADD2C1EAF3800CD3818 /* ideal-goggles.app */ = {isa = PBXFileReference; explicitFileType = wrapper.application; includeInIndex = 0; path = "ideal-goggles.app"; sourceTree = BUILT_PRODUCTS_DIR; };
		B1D62AE02C1EAF3800CD3818 /* ideal_gogglesApp.swift */ = {isa = PBXFileReference; lastKnownFileType = sourcecode.swift; path = ideal_gogglesApp.swift; sourceTree = "<group>"; };
		B1D62AE22C1EAF3800CD3818 /* ContentView.swift */ = {isa = PBXFileReference; lastKnownFileType = sourcecode.swift; path = ContentView.swift; sourceTree = "<group>"; };
		B1D62AE42C1EAF3900CD3818 /* Assets.xcassets */ = {isa = PBXFileReference; lastKnownFileType = folder.assetcatalog; path = Assets.xcassets; sourceTree = "<group>"; };
		B1D62AE72C1EAF3900CD3818 /* Preview Assets.xcassets */ = {isa = PBXFileReference; lastKnownFileType = folder.assetcatalog; path = "Preview Assets.xcassets"; sourceTree = "<group>"; };
/* End PBXFileReference section */

/* Begin PBXFrameworksBuildPhase section */
		B1D62ADA2C1EAF3800CD3818 /* Frameworks */ = {
			isa = PBXFrameworksBuildPhase;
			buildActionMask = 2147483647;
			files = (
			);
			runOnlyForDeploymentPostprocessing = 0;
		};
/* End PBXFrameworksBuildPhase section */

/* Begin PBXGroup section */
		B1D62AD42C1EAF3800CD3818 = {
			isa = PBXGroup;
			children = (
				B1D62ADF2C1EAF3800CD3818 /* ideal-goggles */,
				B1D62ADE2C1EAF3800CD3818 /* Products */,
			);
			sourceTree = "<group>";
		};
		B1D62ADE2C1EAF3800CD3818 /* Products */ = {
			isa = PBXGroup;
			children = (
				B1D62ADD2C1EAF3800CD3818 /* ideal-goggles.app */,
			);
			name = Products;
			sourceTree = "<group>";
		};
		B1D62ADF2C1EAF3800CD3818 /* ideal-goggles */ = {
			isa = PBXGroup;
			children = (
				B1D62AE02C1EAF3800CD3818 /* ideal_gogglesApp.swift */,
				B149B8F72C1FB22800B838FF /* ListUserDataView.swift */,
				B1D62AE22C1EAF3800CD3818 /* ContentView.swift */,
				B149B9012C24ECAA00B838FF /* TemperatureView.swift */,
				B149B8F92C1FF30F00B838FF /* DialView.swift */,
				B149B8FB2C1FF44F00B838FF /* NeumorphicStyle.swift */,
				B149B8F52C1FB17700B838FF /* UserDataModel.swift */,
				B149B8FF2C24EBF400B838FF /* AlarmDataModel.swift */,
				B1D62AE42C1EAF3900CD3818 /* Assets.xcassets */,
				B1D62AE62C1EAF3900CD3818 /* Preview Content */,
			);
			path = "ideal-goggles";
			sourceTree = "<group>";
		};
		B1D62AE62C1EAF3900CD3818 /* Preview Content */ = {
			isa = PBXGroup;
			children = (
				B1D62AE72C1EAF3900CD3818 /* Preview Assets.xcassets */,
			);
			path = "Preview Content";
			sourceTree = "<group>";
		};
/* End PBXGroup section */

/* Begin PBXNativeTarget section */
		B1D62ADC2C1EAF3800CD3818 /* ideal-goggles */ = {
			isa = PBXNativeTarget;
			buildConfigurationList = B1D62AEB2C1EAF3900CD3818 /* Build configuration list for PBXNativeTarget "ideal-goggles" */;
			buildPhases = (
				B1D62AD92C1EAF3800CD3818 /* Sources */,
				B1D62ADA2C1EAF3800CD3818 /* Frameworks */,
				B1D62ADB2C1EAF3800CD3818 /* Resources */,
			);
			buildRules = (
			);
			dependencies = (
			);
			name = "ideal-goggles";
			productName = "ideal-goggles";
			productReference = B1D62ADD2C1EAF3800CD3818 /* ideal-goggles.app */;
			productType = "com.apple.product-type.application";
		};
/* End PBXNativeTarget section */

/* Begin PBXProject section */
		B1D62AD52C1EAF3800CD3818 /* Project object */ = {
			isa = PBXProject;
			attributes = {
				BuildIndependentTargetsInParallel = 1;
				LastSwiftUpdateCheck = 1530;
				LastUpgradeCheck = 1530;
				TargetAttributes = {
					B1D62ADC2C1EAF3800CD3818 = {
						CreatedOnToolsVersion = 15.3;
					};
				};
			};
			buildConfigurationList = B1D62AD82C1EAF3800CD3818 /* Build configuration list for PBXProject "ideal-goggles" */;
			compatibilityVersion = "Xcode 14.0";
			developmentRegion = en;
			hasScannedForEncodings = 0;
			knownRegions = (
				en,
				Base,
			);
			mainGroup = B1D62AD42C1EAF3800CD3818;
			productRefGroup = B1D62ADE2C1EAF3800CD3818 /* Products */;
			projectDirPath = "";
			projectRoot = "";
			targets = (
				B1D62ADC2C1EAF3800CD3818 /* ideal-goggles */,
			);
		};
/* End PBXProject section */

/* Begin PBXResourcesBuildPhase section */
		B1D62ADB2C1EAF3800CD3818 /* Resources */ = {
			isa = PBXResourcesBuildPhase;
			buildActionMask = 2147483647;
			files = (
				B1D62AE82C1EAF3900CD3818 /* Preview Assets.xcassets in Resources */,
				B1D62AE52C1EAF3900CD3818 /* Assets.xcassets in Resources */,
			);
			runOnlyForDeploymentPostprocessing = 0;
		};
/* End PBXResourcesBuildPhase section */

/* Begin PBXSourcesBuildPhase section */
		B1D62AD92C1EAF3800CD3818 /* Sources */ = {
			isa = PBXSourcesBuildPhase;
			buildActionMask = 2147483647;
			files = (
				B149B8FA2C1FF30F00B838FF /* DialView.swift in Sources */,
				B149B9022C24ECAB00B838FF /* TemperatureView.swift in Sources */,
				B149B8F62C1FB17700B838FF /* UserDataModel.swift in Sources */,
				B149B8F82C1FB22800B838FF /* ListUserDataView.swift in Sources */,
				B1D62AE32C1EAF3800CD3818 /* ContentView.swift in Sources */,
				B1D62AE12C1EAF3800CD3818 /* ideal_gogglesApp.swift in Sources */,
				B149B9002C24EBF400B838FF /* AlarmDataModel.swift in Sources */,
				B149B8FC2C1FF44F00B838FF /* NeumorphicStyle.swift in Sources */,
			);
			runOnlyForDeploymentPostprocessing = 0;
		};
/* End PBXSourcesBuildPhase section */

/* Begin XCBuildConfiguration section */
		B1D62AE92C1EAF3900CD3818 /* Debug */ = {
			isa = XCBuildConfiguration;
			buildSettings = {
				ALWAYS_SEARCH_USER_PATHS = NO;
				ASSETCATALOG_COMPILER_GENERATE_SWIFT_ASSET_SYMBOL_EXTENSIONS = YES;
				CLANG_ANALYZER_NONNULL = YES;
				CLANG_ANALYZER_NUMBER_OBJECT_CONVERSION = YES_AGGRESSIVE;
				CLANG_CXX_LANGUAGE_STANDARD = "gnu++20";
				CLANG_ENABLE_MODULES = YES;
				CLANG_ENABLE_OBJC_ARC = YES;
				CLANG_ENABLE_OBJC_WEAK = YES;
				CLANG_WARN_BLOCK_CAPTURE_AUTORELEASING = YES;
				CLANG_WARN_BOOL_CONVERSION = YES;
				CLANG_WARN_COMMA = YES;
				CLANG_WARN_CONSTANT_CONVERSION = YES;
				CLANG_WARN_DEPRECATED_OBJC_IMPLEMENTATIONS = YES;
				CLANG_WARN_DIRECT_OBJC_ISA_USAGE = YES_ERROR;
				CLANG_WARN_DOCUMENTATION_COMMENTS = YES;
				CLANG_WARN_EMPTY_BODY = YES;
				CLANG_WARN_ENUM_CONVERSION = YES;
				CLANG_WARN_INFINITE_RECURSION = YES;
				CLANG_WARN_INT_CONVERSION = YES;
				CLANG_WARN_NON_LITERAL_NULL_CONVERSION = YES;
				CLANG_WARN_OBJC_IMPLICIT_RETAIN_SELF = YES;
				CLANG_WARN_OBJC_LITERAL_CONVERSION = YES;
				CLANG_WARN_OBJC_ROOT_CLASS = YES_ERROR;
				CLANG_WARN_QUOTED_INCLUDE_IN_FRAMEWORK_HEADER = YES;
				CLANG_WARN_RANGE_LOOP_ANALYSIS = YES;
				CLANG_WARN_STRICT_PROTOTYPES = YES;
				CLANG_WARN_SUSPICIOUS_MOVE = YES;
				CLANG_WARN_UNGUARDED_AVAILABILITY = YES_AGGRESSIVE;
				CLANG_WARN_UNREACHABLE_CODE = YES;
				CLANG_WARN__DUPLICATE_METHOD_MATCH = YES;
				COPY_PHASE_STRIP = NO;
				DEBUG_INFORMATION_FORMAT = dwarf;
				ENABLE_STRICT_OBJC_MSGSEND = YES;
				ENABLE_TESTABILITY = YES;
				ENABLE_USER_SCRIPT_SANDBOXING = YES;
				GCC_C_LANGUAGE_STANDARD = gnu17;
				GCC_DYNAMIC_NO_PIC = NO;
				GCC_NO_COMMON_BLOCKS = YES;
				GCC_OPTIMIZATION_LEVEL = 0;
				GCC_PREPROCESSOR_DEFINITIONS = (
					"DEBUG=1",
					"$(inherited)",
				);
				GCC_WARN_64_TO_32_BIT_CONVERSION = YES;
				GCC_WARN_ABOUT_RETURN_TYPE = YES_ERROR;
				GCC_WARN_UNDECLARED_SELECTOR = YES;
				GCC_WARN_UNINITIALIZED_AUTOS = YES_AGGRESSIVE;
				GCC_WARN_UNUSED_FUNCTION = YES;
				GCC_WARN_UNUSED_VARIABLE = YES;
				IPHONEOS_DEPLOYMENT_TARGET = 17.4;
				LOCALIZATION_PREFERS_STRING_CATALOGS = YES;
				MTL_ENABLE_DEBUG_INFO = INCLUDE_SOURCE;
				MTL_FAST_MATH = YES;
				ONLY_ACTIVE_ARCH = YES;
				SDKROOT = iphoneos;
				SWIFT_ACTIVE_COMPILATION_CONDITIONS = "DEBUG $(inherited)";
				SWIFT_OPTIMIZATION_LEVEL = "-Onone";
			};
			name = Debug;
		};
		B1D62AEA2C1EAF3900CD3818 /* Release */ = {
			isa = XCBuildConfiguration;
			buildSettings = {
				ALWAYS_SEARCH_USER_PATHS = NO;
				ASSETCATALOG_COMPILER_GENERATE_SWIFT_ASSET_SYMBOL_EXTENSIONS = YES;
				CLANG_ANALYZER_NONNULL = YES;
				CLANG_ANALYZER_NUMBER_OBJECT_CONVERSION = YES_AGGRESSIVE;
				CLANG_CXX_LANGUAGE_STANDARD = "gnu++20";
				CLANG_ENABLE_MODULES = YES;
				CLANG_ENABLE_OBJC_ARC = YES;
				CLANG_ENABLE_OBJC_WEAK = YES;
				CLANG_WARN_BLOCK_CAPTURE_AUTORELEASING = YES;
				CLANG_WARN_BOOL_CONVERSION = YES;
				CLANG_WARN_COMMA = YES;
				CLANG_WARN_CONSTANT_CONVERSION = YES;
				CLANG_WARN_DEPRECATED_OBJC_IMPLEMENTATIONS = YES;
				CLANG_WARN_DIRECT_OBJC_ISA_USAGE = YES_ERROR;
				CLANG_WARN_DOCUMENTATION_COMMENTS = YES;
				CLANG_WARN_EMPTY_BODY = YES;
				CLANG_WARN_ENUM_CONVERSION = YES;
				CLANG_WARN_INFINITE_RECURSION = YES;
				CLANG_WARN_INT_CONVERSION = YES;
				CLANG_WARN_NON_LITERAL_NULL_CONVERSION = YES;
				CLANG_WARN_OBJC_IMPLICIT_RETAIN_SELF = YES;
				CLANG_WARN_OBJC_LITERAL_CONVERSION = YES;
				CLANG_WARN_OBJC_ROOT_CLASS = YES_ERROR;
				CLANG_WARN_QUOTED_INCLUDE_IN_FRAMEWORK_HEADER = YES;
				CLANG_WARN_RANGE_LOOP_ANALYSIS = YES;
				CLANG_WARN_STRICT_PROTOTYPES = YES;
				CLANG_WARN_SUSPICIOUS_MOVE = YES;
				CLANG_WARN_UNGUARDED_AVAILABILITY = YES_AGGRESSIVE;
				CLANG_WARN_UNREACHABLE_CODE = YES;
				CLANG_WARN__DUPLICATE_METHOD_MATCH = YES;
				COPY_PHASE_STRIP = NO;
				DEBUG_INFORMATION_FORMAT = "dwarf-with-dsym";
				ENABLE_NS_ASSERTIONS = NO;
				ENABLE_STRICT_OBJC_MSGSEND = YES;
				ENABLE_USER_SCRIPT_SANDBOXING = YES;
				GCC_C_LANGUAGE_STANDARD = gnu17;
				GCC_NO_COMMON_BLOCKS = YES;
				GCC_WARN_64_TO_32_BIT_CONVERSION = YES;
				GCC_WARN_ABOUT_RETURN_TYPE = YES_ERROR;
				GCC_WARN_UNDECLARED_SELECTOR = YES;
				GCC_WARN_UNINITIALIZED_AUTOS = YES_AGGRESSIVE;
				GCC_WARN_UNUSED_FUNCTION = YES;
				GCC_WARN_UNUSED_VARIABLE = YES;
				IPHONEOS_DEPLOYMENT_TARGET = 17.4;
				LOCALIZATION_PREFERS_STRING_CATALOGS = YES;
				MTL_ENABLE_DEBUG_INFO = NO;
				MTL_FAST_MATH = YES;
				SDKROOT = iphoneos;
				SWIFT_COMPILATION_MODE = wholemodule;
				VALIDATE_PRODUCT = YES;
			};
			name = Release;
		};
		B1D62AEC2C1EAF3900CD3818 /* Debug */ = {
			isa = XCBuildConfiguration;
			buildSettings = {
				ASSETCATALOG_COMPILER_APPICON_NAME = AppIcon;
				ASSETCATALOG_COMPILER_GLOBAL_ACCENT_COLOR_NAME = AccentColor;
				CODE_SIGN_STYLE = Automatic;
				CURRENT_PROJECT_VERSION = 1;
				DEVELOPMENT_ASSET_PATHS = "\"ideal-goggles/Preview Content\"";
				DEVELOPMENT_TEAM = 6W56PZLJZG;
				ENABLE_PREVIEWS = YES;
				GENERATE_INFOPLIST_FILE = YES;
				INFOPLIST_KEY_UIApplicationSceneManifest_Generation = YES;
				INFOPLIST_KEY_UIApplicationSupportsIndirectInputEvents = YES;
				INFOPLIST_KEY_UILaunchScreen_Generation = YES;
				INFOPLIST_KEY_UISupportedInterfaceOrientations_iPad = "UIInterfaceOrientationPortrait UIInterfaceOrientationPortraitUpsideDown UIInterfaceOrientationLandscapeLeft UIInterfaceOrientationLandscapeRight";
				INFOPLIST_KEY_UISupportedInterfaceOrientations_iPhone = "UIInterfaceOrientationPortrait UIInterfaceOrientationLandscapeLeft UIInterfaceOrientationLandscapeRight";
				LD_RUNPATH_SEARCH_PATHS = (
					"$(inherited)",
					"@executable_path/Frameworks",
				);
				MARKETING_VERSION = 1.0;
				PRODUCT_BUNDLE_IDENTIFIER = "com.pjb.den.ideal-goggles";
				PRODUCT_NAME = "$(TARGET_NAME)";
				SWIFT_EMIT_LOC_STRINGS = YES;
				SWIFT_VERSION = 5.0;
				TARGETED_DEVICE_FAMILY = "1,2";
			};
			name = Debug;
		};
		B1D62AED2C1EAF3900CD3818 /* Release */ = {
			isa = XCBuildConfiguration;
			buildSettings = {
				ASSETCATALOG_COMPILER_APPICON_NAME = AppIcon;
				ASSETCATALOG_COMPILER_GLOBAL_ACCENT_COLOR_NAME = AccentColor;
				CODE_SIGN_STYLE = Automatic;
				CURRENT_PROJECT_VERSION = 1;
				DEVELOPMENT_ASSET_PATHS = "\"ideal-goggles/Preview Content\"";
				DEVELOPMENT_TEAM = 6W56PZLJZG;
				ENABLE_PREVIEWS = YES;
				GENERATE_INFOPLIST_FILE = YES;
				INFOPLIST_KEY_UIApplicationSceneManifest_Generation = YES;
				INFOPLIST_KEY_UIApplicationSupportsIndirectInputEvents = YES;
				INFOPLIST_KEY_UILaunchScreen_Generation = YES;
				INFOPLIST_KEY_UISupportedInterfaceOrientations_iPad = "UIInterfaceOrientationPortrait UIInterfaceOrientationPortraitUpsideDown UIInterfaceOrientationLandscapeLeft UIInterfaceOrientationLandscapeRight";
				INFOPLIST_KEY_UISupportedInterfaceOrientations_iPhone = "UIInterfaceOrientationPortrait UIInterfaceOrientationLandscapeLeft UIInterfaceOrientationLandscapeRight";
				LD_RUNPATH_SEARCH_PATHS = (
					"$(inherited)",
					"@executable_path/Frameworks",
				);
				MARKETING_VERSION = 1.0;
				PRODUCT_BUNDLE_IDENTIFIER = "com.pjb.den.ideal-goggles";
				PRODUCT_NAME = "$(TARGET_NAME)";
				SWIFT_EMIT_LOC_STRINGS = YES;
				SWIFT_VERSION = 5.0;
				TARGETED_DEVICE_FAMILY = "1,2";
			};
			name = Release;
		};
/* End XCBuildConfiguration section */

/* Begin XCConfigurationList section */
		B1D62AD82C1EAF3800CD3818 /* Build configuration list for PBXProject "ideal-goggles" */ = {
			isa = XCConfigurationList;
			buildConfigurations = (
				B1D62AE92C1EAF3900CD3818 /* Debug */,
				B1D62AEA2C1EAF3900CD3818 /* Release */,
			);
			defaultConfigurationIsVisible = 0;
			defaultConfigurationName = Release;
		};
		B1D62AEB2C1EAF3900CD3818 /* Build configuration list for PBXNativeTarget "ideal-goggles" */ = {
			isa = XCConfigurationList;
			buildConfigurations = (
				B1D62AEC2C1EAF3900CD3818 /* Debug */,
				B1D62AED2C1EAF3900CD3818 /* Release */,
			);
			defaultConfigurationIsVisible = 0;
			defaultConfigurationName = Release;
		};
/* End XCConfigurationList section */
	};
	rootObject = B1D62AD52C1EAF3800CD3818 /* Project object */;
}
